
Microsoft Visual Studio Solution File, Format Version 12.00
# Visual Studio Version 17
VisualStudioVersion = 17.9.34728.123
MinimumVisualStudioVersion = 10.0.40219.1
Project("{FAE04EC0-301F-11D3-BF4B-00C04F79EFBC}") = "comunicacion", "comunicacion.csproj", "{72EACF5C-4859-4344-ACEC-E7418C443D1B}"
EndProject
Global
	GlobalSection(SolutionConfigurationPlatforms) = preSolution
		Debug|Any CPU = Debug|Any CPU
		Release|Any CPU = Release|Any CPU
	EndGlobalSection
	GlobalSection(ProjectConfigurationPlatforms) = postSolution
		{72EACF5C-4859-4344-ACEC-E7418C443D1B}.Debug|Any CPU.ActiveCfg = Debug|Any CPU
		{72EACF5C-4859-4344-ACEC-E7418C443D1B}.Debug|Any CPU.Build.0 = Debug|Any CPU
		{72EACF5C-4859-4344-ACEC-E7418C443D1B}.Release|Any CPU.ActiveCfg = Release|Any CPU
		{72EACF5C-4859-4344-ACEC-E7418C443D1B}.Release|Any CPU.Build.0 = Release|Any CPU
	EndGlobalSection
	GlobalSection(SolutionProperties) = preSolution
		HideSolutionNode = FALSE
	EndGlobalSection
	GlobalSection(ExtensibilityGlobals) = postSolution
		SolutionGuid = {6D69CA11-2FAE-4D8D-97EE-D25613D28121}
	EndGlobalSection
EndGlobal
